
Microsoft Visual Studio Solution File, Format Version 12.00
# Visual Studio Version 17
VisualStudioVersion = 17.5.002.0
MinimumVisualStudioVersion = 10.0.40219.1
Project("{9A19103F-16F7-4668-BE54-9A1E7A4F7556}") = "excel", "excel.csproj", "{C0CEEE4B-3743-447B-8915-19FCFC52DFD1}"
EndProject
Global
	GlobalSection(SolutionConfigurationPlatforms) = preSolution
		Debug|Any CPU = Debug|Any CPU
		Release|Any CPU = Release|Any CPU
	EndGlobalSection
	GlobalSection(ProjectConfigurationPlatforms) = postSolution
		{C0CEEE4B-3743-447B-8915-19FCFC52DFD1}.Debug|Any CPU.ActiveCfg = Debug|Any CPU
		{C0CEEE4B-3743-447B-8915-19FCFC52DFD1}.Debug|Any CPU.Build.0 = Debug|Any CPU
		{C0CEEE4B-3743-447B-8915-19FCFC52DFD1}.Release|Any CPU.ActiveCfg = Release|Any CPU
		{C0CEEE4B-3743-447B-8915-19FCFC52DFD1}.Release|Any CPU.Build.0 = Release|Any CPU
	EndGlobalSection
	GlobalSection(SolutionProperties) = preSolution
		HideSolutionNode = FALSE
	EndGlobalSection
	GlobalSection(ExtensibilityGlobals) = postSolution
		SolutionGuid = {72A9C9FA-02F5-4D50-9AC8-FBC43A5272FD}
	EndGlobalSection
EndGlobal
